// !$*UTF8*$!
{
	archiveVersion = 1;
	classes = {
	};
	objectVersion = 56;
	objects = {

/* Begin PBXBuildFile section */
		9A4F4C392B46EC85008A4C27 /* Domain.framework in Frameworks */ = {isa = PBXBuildFile; fileRef = 9A4F4C302B46EC84008A4C27 /* Domain.framework */; };
		9A4F4C3E2B46EC85008A4C27 /* DomainTests.swift in Sources */ = {isa = PBXBuildFile; fileRef = 9A4F4C3D2B46EC85008A4C27 /* DomainTests.swift */; };
		9A4F4C3F2B46EC85008A4C27 /* Domain.h in Headers */ = {isa = PBXBuildFile; fileRef = 9A4F4C332B46EC84008A4C27 /* Domain.h */; settings = {ATTRIBUTES = (Public, ); }; };
		9AAE4E042B49E95A00294242 /* MovieDetailsUseCase.swift in Sources */ = {isa = PBXBuildFile; fileRef = 9AAE4E032B49E95A00294242 /* MovieDetailsUseCase.swift */; };
		9AAE4E062B49E98600294242 /* MovieDetailsUseCaseImplementation.swift in Sources */ = {isa = PBXBuildFile; fileRef = 9AAE4E052B49E98600294242 /* MovieDetailsUseCaseImplementation.swift */; };
		9AAE4E082B49E9AD00294242 /* MovieDetailsRepository.swift in Sources */ = {isa = PBXBuildFile; fileRef = 9AAE4E072B49E9AD00294242 /* MovieDetailsRepository.swift */; };
		9AAE4E122B49F1B200294242 /* SpokenLanguage.swift in Sources */ = {isa = PBXBuildFile; fileRef = 9AAE4E112B49F1B200294242 /* SpokenLanguage.swift */; };
		9AAE4E142B49F32D00294242 /* MovieDetails.swift in Sources */ = {isa = PBXBuildFile; fileRef = 9AAE4E132B49F32D00294242 /* MovieDetails.swift */; };
		9AFA3F1A2B478429001546EB /* TrendingMoviesUseCase.swift in Sources */ = {isa = PBXBuildFile; fileRef = 9AFA3F192B478429001546EB /* TrendingMoviesUseCase.swift */; };
		9AFA3F1C2B478454001546EB /* TrendingMovie.swift in Sources */ = {isa = PBXBuildFile; fileRef = 9AFA3F1B2B478454001546EB /* TrendingMovie.swift */; };
		9AFA3F1E2B4784E5001546EB /* DefaultTrendingMoviesUseCase.swift in Sources */ = {isa = PBXBuildFile; fileRef = 9AFA3F1D2B4784E5001546EB /* DefaultTrendingMoviesUseCase.swift */; };
		9AFA3F202B47850A001546EB /* TrendingMoviesRepository.swift in Sources */ = {isa = PBXBuildFile; fileRef = 9AFA3F1F2B47850A001546EB /* TrendingMoviesRepository.swift */; };
		9AFA3F332B47A352001546EB /* Pagination.swift in Sources */ = {isa = PBXBuildFile; fileRef = 9AFA3F322B47A352001546EB /* Pagination.swift */; };
		9AFA3F412B48DD73001546EB /* MovieGenresUseCase.swift in Sources */ = {isa = PBXBuildFile; fileRef = 9AFA3F402B48DD73001546EB /* MovieGenresUseCase.swift */; };
		9AFA3F432B48DDCD001546EB /* MovieGenre.swift in Sources */ = {isa = PBXBuildFile; fileRef = 9AFA3F422B48DDCD001546EB /* MovieGenre.swift */; };
		9AFA3F452B48DE08001546EB /* DefaultMovieGenresUseCase.swift in Sources */ = {isa = PBXBuildFile; fileRef = 9AFA3F442B48DE08001546EB /* DefaultMovieGenresUseCase.swift */; };
		9AFA3F472B48DE31001546EB /* MovieGenresRepository.swift in Sources */ = {isa = PBXBuildFile; fileRef = 9AFA3F462B48DE31001546EB /* MovieGenresRepository.swift */; };
/* End PBXBuildFile section */

/* Begin PBXContainerItemProxy section */
		9A4F4C3A2B46EC85008A4C27 /* PBXContainerItemProxy */ = {
			isa = PBXContainerItemProxy;
			containerPortal = 9A4F4C272B46EC84008A4C27 /* Project object */;
			proxyType = 1;
			remoteGlobalIDString = 9A4F4C2F2B46EC84008A4C27;
			remoteInfo = Domain;
		};
/* End PBXContainerItemProxy section */

/* Begin PBXFileReference section */
		9A4F4C302B46EC84008A4C27 /* Domain.framework */ = {isa = PBXFileReference; explicitFileType = wrapper.framework; includeInIndex = 0; path = Domain.framework; sourceTree = BUILT_PRODUCTS_DIR; };
		9A4F4C332B46EC84008A4C27 /* Domain.h */ = {isa = PBXFileReference; lastKnownFileType = sourcecode.c.h; path = Domain.h; sourceTree = "<group>"; };
		9A4F4C382B46EC85008A4C27 /* DomainTests.xctest */ = {isa = PBXFileReference; explicitFileType = wrapper.cfbundle; includeInIndex = 0; path = DomainTests.xctest; sourceTree = BUILT_PRODUCTS_DIR; };
		9A4F4C3D2B46EC85008A4C27 /* DomainTests.swift */ = {isa = PBXFileReference; lastKnownFileType = sourcecode.swift; path = DomainTests.swift; sourceTree = "<group>"; };
		9AAE4E032B49E95A00294242 /* MovieDetailsUseCase.swift */ = {isa = PBXFileReference; lastKnownFileType = sourcecode.swift; path = MovieDetailsUseCase.swift; sourceTree = "<group>"; };
		9AAE4E052B49E98600294242 /* MovieDetailsUseCaseImplementation.swift */ = {isa = PBXFileReference; lastKnownFileType = sourcecode.swift; path = MovieDetailsUseCaseImplementation.swift; sourceTree = "<group>"; };
		9AAE4E072B49E9AD00294242 /* MovieDetailsRepository.swift */ = {isa = PBXFileReference; lastKnownFileType = sourcecode.swift; path = MovieDetailsRepository.swift; sourceTree = "<group>"; };
		9AAE4E112B49F1B200294242 /* SpokenLanguage.swift */ = {isa = PBXFileReference; lastKnownFileType = sourcecode.swift; path = SpokenLanguage.swift; sourceTree = "<group>"; };
		9AAE4E132B49F32D00294242 /* MovieDetails.swift */ = {isa = PBXFileReference; lastKnownFileType = sourcecode.swift; path = MovieDetails.swift; sourceTree = "<group>"; };
		9AFA3F192B478429001546EB /* TrendingMoviesUseCase.swift */ = {isa = PBXFileReference; lastKnownFileType = sourcecode.swift; path = TrendingMoviesUseCase.swift; sourceTree = "<group>"; };
		9AFA3F1B2B478454001546EB /* TrendingMovie.swift */ = {isa = PBXFileReference; lastKnownFileType = sourcecode.swift; path = TrendingMovie.swift; sourceTree = "<group>"; };
		9AFA3F1D2B4784E5001546EB /* DefaultTrendingMoviesUseCase.swift */ = {isa = PBXFileReference; lastKnownFileType = sourcecode.swift; path = DefaultTrendingMoviesUseCase.swift; sourceTree = "<group>"; };
		9AFA3F1F2B47850A001546EB /* TrendingMoviesRepository.swift */ = {isa = PBXFileReference; lastKnownFileType = sourcecode.swift; path = TrendingMoviesRepository.swift; sourceTree = "<group>"; };
		9AFA3F322B47A352001546EB /* Pagination.swift */ = {isa = PBXFileReference; lastKnownFileType = sourcecode.swift; path = Pagination.swift; sourceTree = "<group>"; };
		9AFA3F402B48DD73001546EB /* MovieGenresUseCase.swift */ = {isa = PBXFileReference; lastKnownFileType = sourcecode.swift; path = MovieGenresUseCase.swift; sourceTree = "<group>"; };
		9AFA3F422B48DDCD001546EB /* MovieGenre.swift */ = {isa = PBXFileReference; lastKnownFileType = sourcecode.swift; path = MovieGenre.swift; sourceTree = "<group>"; };
		9AFA3F442B48DE08001546EB /* DefaultMovieGenresUseCase.swift */ = {isa = PBXFileReference; lastKnownFileType = sourcecode.swift; path = DefaultMovieGenresUseCase.swift; sourceTree = "<group>"; };
		9AFA3F462B48DE31001546EB /* MovieGenresRepository.swift */ = {isa = PBXFileReference; lastKnownFileType = sourcecode.swift; path = MovieGenresRepository.swift; sourceTree = "<group>"; };
/* End PBXFileReference section */

/* Begin PBXFrameworksBuildPhase section */
		9A4F4C2D2B46EC84008A4C27 /* Frameworks */ = {
			isa = PBXFrameworksBuildPhase;
			buildActionMask = 2147483647;
			files = (
			);
			runOnlyForDeploymentPostprocessing = 0;
		};
		9A4F4C352B46EC85008A4C27 /* Frameworks */ = {
			isa = PBXFrameworksBuildPhase;
			buildActionMask = 2147483647;
			files = (
				9A4F4C392B46EC85008A4C27 /* Domain.framework in Frameworks */,
			);
			runOnlyForDeploymentPostprocessing = 0;
		};
/* End PBXFrameworksBuildPhase section */

/* Begin PBXGroup section */
		9A4F4C262B46EC84008A4C27 = {
			isa = PBXGroup;
			children = (
				9A4F4C322B46EC84008A4C27 /* Domain */,
				9A4F4C3C2B46EC85008A4C27 /* DomainTests */,
				9A4F4C312B46EC84008A4C27 /* Products */,
			);
			sourceTree = "<group>";
		};
		9A4F4C312B46EC84008A4C27 /* Products */ = {
			isa = PBXGroup;
			children = (
				9A4F4C302B46EC84008A4C27 /* Domain.framework */,
				9A4F4C382B46EC85008A4C27 /* DomainTests.xctest */,
			);
			name = Products;
			sourceTree = "<group>";
		};
		9A4F4C322B46EC84008A4C27 /* Domain */ = {
			isa = PBXGroup;
			children = (
				9AFA3F162B4783E7001546EB /* Use Cases */,
				9AFA3F172B4783EC001546EB /* Entities */,
				9AFA3F182B4783F2001546EB /* Repositories */,
				9A4F4C332B46EC84008A4C27 /* Domain.h */,
			);
			path = Domain;
			sourceTree = "<group>";
		};
		9A4F4C3C2B46EC85008A4C27 /* DomainTests */ = {
			isa = PBXGroup;
			children = (
				9A4F4C3D2B46EC85008A4C27 /* DomainTests.swift */,
			);
			path = DomainTests;
			sourceTree = "<group>";
		};
		9AAE4E022B49E94600294242 /* Movie Details Use Case */ = {
			isa = PBXGroup;
			children = (
				9AAE4E032B49E95A00294242 /* MovieDetailsUseCase.swift */,
				9AAE4E052B49E98600294242 /* MovieDetailsUseCaseImplementation.swift */,
			);
			path = "Movie Details Use Case";
			sourceTree = "<group>";
		};
		9AFA3F162B4783E7001546EB /* Use Cases */ = {
			isa = PBXGroup;
			children = (
				9AAE4E022B49E94600294242 /* Movie Details Use Case */,
				9AFA3F3F2B48DD5B001546EB /* Movie Genres Use Case */,
				9AFA3F3E2B48DD3C001546EB /* Trending Movies Use Case */,
			);
			path = "Use Cases";
			sourceTree = "<group>";
		};
		9AFA3F172B4783EC001546EB /* Entities */ = {
			isa = PBXGroup;
			children = (
				9AFA3F1B2B478454001546EB /* TrendingMovie.swift */,
				9AAE4E132B49F32D00294242 /* MovieDetails.swift */,
				9AFA3F322B47A352001546EB /* Pagination.swift */,
				9AFA3F422B48DDCD001546EB /* MovieGenre.swift */,
				9AAE4E112B49F1B200294242 /* SpokenLanguage.swift */,
			);
			path = Entities;
			sourceTree = "<group>";
		};
		9AFA3F182B4783F2001546EB /* Repositories */ = {
			isa = PBXGroup;
			children = (
				9AFA3F1F2B47850A001546EB /* TrendingMoviesRepository.swift */,
				9AFA3F462B48DE31001546EB /* MovieGenresRepository.swift */,
				9AAE4E072B49E9AD00294242 /* MovieDetailsRepository.swift */,
			);
			path = Repositories;
			sourceTree = "<group>";
		};
		9AFA3F3E2B48DD3C001546EB /* Trending Movies Use Case */ = {
			isa = PBXGroup;
			children = (
				9AFA3F192B478429001546EB /* TrendingMoviesUseCase.swift */,
				9AFA3F1D2B4784E5001546EB /* DefaultTrendingMoviesUseCase.swift */,
			);
			path = "Trending Movies Use Case";
			sourceTree = "<group>";
		};
		9AFA3F3F2B48DD5B001546EB /* Movie Genres Use Case */ = {
			isa = PBXGroup;
			children = (
				9AFA3F402B48DD73001546EB /* MovieGenresUseCase.swift */,
				9AFA3F442B48DE08001546EB /* DefaultMovieGenresUseCase.swift */,
			);
			path = "Movie Genres Use Case";
			sourceTree = "<group>";
		};
/* End PBXGroup section */

/* Begin PBXHeadersBuildPhase section */
		9A4F4C2B2B46EC84008A4C27 /* Headers */ = {
			isa = PBXHeadersBuildPhase;
			buildActionMask = 2147483647;
			files = (
				9A4F4C3F2B46EC85008A4C27 /* Domain.h in Headers */,
			);
			runOnlyForDeploymentPostprocessing = 0;
		};
/* End PBXHeadersBuildPhase section */

/* Begin PBXNativeTarget section */
		9A4F4C2F2B46EC84008A4C27 /* Domain */ = {
			isa = PBXNativeTarget;
			buildConfigurationList = 9A4F4C422B46EC85008A4C27 /* Build configuration list for PBXNativeTarget "Domain" */;
			buildPhases = (
				9A4F4C2B2B46EC84008A4C27 /* Headers */,
				9A4F4C2C2B46EC84008A4C27 /* Sources */,
				9A4F4C2D2B46EC84008A4C27 /* Frameworks */,
				9A4F4C2E2B46EC84008A4C27 /* Resources */,
			);
			buildRules = (
			);
			dependencies = (
			);
			name = Domain;
			productName = Domain;
			productReference = 9A4F4C302B46EC84008A4C27 /* Domain.framework */;
			productType = "com.apple.product-type.framework";
		};
		9A4F4C372B46EC85008A4C27 /* DomainTests */ = {
			isa = PBXNativeTarget;
			buildConfigurationList = 9A4F4C452B46EC85008A4C27 /* Build configuration list for PBXNativeTarget "DomainTests" */;
			buildPhases = (
				9A4F4C342B46EC85008A4C27 /* Sources */,
				9A4F4C352B46EC85008A4C27 /* Frameworks */,
				9A4F4C362B46EC85008A4C27 /* Resources */,
			);
			buildRules = (
			);
			dependencies = (
				9A4F4C3B2B46EC85008A4C27 /* PBXTargetDependency */,
			);
			name = DomainTests;
			productName = DomainTests;
			productReference = 9A4F4C382B46EC85008A4C27 /* DomainTests.xctest */;
			productType = "com.apple.product-type.bundle.unit-test";
		};
/* End PBXNativeTarget section */

/* Begin PBXProject section */
		9A4F4C272B46EC84008A4C27 /* Project object */ = {
			isa = PBXProject;
			attributes = {
				BuildIndependentTargetsInParallel = 1;
				LastSwiftUpdateCheck = 1500;
				LastUpgradeCheck = 1500;
				TargetAttributes = {
					9A4F4C2F2B46EC84008A4C27 = {
						CreatedOnToolsVersion = 15.0;
						LastSwiftMigration = 1500;
					};
					9A4F4C372B46EC85008A4C27 = {
						CreatedOnToolsVersion = 15.0;
					};
				};
			};
			buildConfigurationList = 9A4F4C2A2B46EC84008A4C27 /* Build configuration list for PBXProject "Domain" */;
			compatibilityVersion = "Xcode 14.0";
			developmentRegion = en;
			hasScannedForEncodings = 0;
			knownRegions = (
				en,
				Base,
			);
			mainGroup = 9A4F4C262B46EC84008A4C27;
			productRefGroup = 9A4F4C312B46EC84008A4C27 /* Products */;
			projectDirPath = "";
			projectRoot = "";
			targets = (
				9A4F4C2F2B46EC84008A4C27 /* Domain */,
				9A4F4C372B46EC85008A4C27 /* DomainTests */,
			);
		};
/* End PBXProject section */

/* Begin PBXResourcesBuildPhase section */
		9A4F4C2E2B46EC84008A4C27 /* Resources */ = {
			isa = PBXResourcesBuildPhase;
			buildActionMask = 2147483647;
			files = (
			);
			runOnlyForDeploymentPostprocessing = 0;
		};
		9A4F4C362B46EC85008A4C27 /* Resources */ = {
			isa = PBXResourcesBuildPhase;
			buildActionMask = 2147483647;
			files = (
			);
			runOnlyForDeploymentPostprocessing = 0;
		};
/* End PBXResourcesBuildPhase section */

/* Begin PBXSourcesBuildPhase section */
		9A4F4C2C2B46EC84008A4C27 /* Sources */ = {
			isa = PBXSourcesBuildPhase;
			buildActionMask = 2147483647;
			files = (
				9AFA3F1E2B4784E5001546EB /* DefaultTrendingMoviesUseCase.swift in Sources */,
				9AAE4E142B49F32D00294242 /* MovieDetails.swift in Sources */,
				9AAE4E122B49F1B200294242 /* SpokenLanguage.swift in Sources */,
				9AAE4E082B49E9AD00294242 /* MovieDetailsRepository.swift in Sources */,
				9AFA3F1A2B478429001546EB /* TrendingMoviesUseCase.swift in Sources */,
				9AFA3F412B48DD73001546EB /* MovieGenresUseCase.swift in Sources */,
				9AFA3F332B47A352001546EB /* Pagination.swift in Sources */,
				9AFA3F452B48DE08001546EB /* DefaultMovieGenresUseCase.swift in Sources */,
				9AAE4E042B49E95A00294242 /* MovieDetailsUseCase.swift in Sources */,
				9AFA3F1C2B478454001546EB /* TrendingMovie.swift in Sources */,
				9AFA3F202B47850A001546EB /* TrendingMoviesRepository.swift in Sources */,
				9AFA3F472B48DE31001546EB /* MovieGenresRepository.swift in Sources */,
				9AFA3F432B48DDCD001546EB /* MovieGenre.swift in Sources */,
				9AAE4E062B49E98600294242 /* MovieDetailsUseCaseImplementation.swift in Sources */,
			);
			runOnlyForDeploymentPostprocessing = 0;
		};
		9A4F4C342B46EC85008A4C27 /* Sources */ = {
			isa = PBXSourcesBuildPhase;
			buildActionMask = 2147483647;
			files = (
				9A4F4C3E2B46EC85008A4C27 /* DomainTests.swift in Sources */,
			);
			runOnlyForDeploymentPostprocessing = 0;
		};
/* End PBXSourcesBuildPhase section */

/* Begin PBXTargetDependency section */
		9A4F4C3B2B46EC85008A4C27 /* PBXTargetDependency */ = {
			isa = PBXTargetDependency;
			target = 9A4F4C2F2B46EC84008A4C27 /* Domain */;
			targetProxy = 9A4F4C3A2B46EC85008A4C27 /* PBXContainerItemProxy */;
		};
/* End PBXTargetDependency section */

/* Begin XCBuildConfiguration section */
		9A4F4C402B46EC85008A4C27 /* Debug */ = {
			isa = XCBuildConfiguration;
			buildSettings = {
				ALWAYS_SEARCH_USER_PATHS = NO;
				ASSETCATALOG_COMPILER_GENERATE_SWIFT_ASSET_SYMBOL_EXTENSIONS = YES;
				CLANG_ANALYZER_NONNULL = YES;
				CLANG_ANALYZER_NUMBER_OBJECT_CONVERSION = YES_AGGRESSIVE;
				CLANG_CXX_LANGUAGE_STANDARD = "gnu++20";
				CLANG_ENABLE_MODULES = YES;
				CLANG_ENABLE_OBJC_ARC = YES;
				CLANG_ENABLE_OBJC_WEAK = YES;
				CLANG_WARN_BLOCK_CAPTURE_AUTORELEASING = YES;
				CLANG_WARN_BOOL_CONVERSION = YES;
				CLANG_WARN_COMMA = YES;
				CLANG_WARN_CONSTANT_CONVERSION = YES;
				CLANG_WARN_DEPRECATED_OBJC_IMPLEMENTATIONS = YES;
				CLANG_WARN_DIRECT_OBJC_ISA_USAGE = YES_ERROR;
				CLANG_WARN_DOCUMENTATION_COMMENTS = YES;
				CLANG_WARN_EMPTY_BODY = YES;
				CLANG_WARN_ENUM_CONVERSION = YES;
				CLANG_WARN_INFINITE_RECURSION = YES;
				CLANG_WARN_INT_CONVERSION = YES;
				CLANG_WARN_NON_LITERAL_NULL_CONVERSION = YES;
				CLANG_WARN_OBJC_IMPLICIT_RETAIN_SELF = YES;
				CLANG_WARN_OBJC_LITERAL_CONVERSION = YES;
				CLANG_WARN_OBJC_ROOT_CLASS = YES_ERROR;
				CLANG_WARN_QUOTED_INCLUDE_IN_FRAMEWORK_HEADER = YES;
				CLANG_WARN_RANGE_LOOP_ANALYSIS = YES;
				CLANG_WARN_STRICT_PROTOTYPES = YES;
				CLANG_WARN_SUSPICIOUS_MOVE = YES;
				CLANG_WARN_UNGUARDED_AVAILABILITY = YES_AGGRESSIVE;
				CLANG_WARN_UNREACHABLE_CODE = YES;
				CLANG_WARN__DUPLICATE_METHOD_MATCH = YES;
				COPY_PHASE_STRIP = NO;
				CURRENT_PROJECT_VERSION = 1;
				DEBUG_INFORMATION_FORMAT = dwarf;
				ENABLE_STRICT_OBJC_MSGSEND = YES;
				ENABLE_TESTABILITY = YES;
				ENABLE_USER_SCRIPT_SANDBOXING = YES;
				GCC_C_LANGUAGE_STANDARD = gnu17;
				GCC_DYNAMIC_NO_PIC = NO;
				GCC_NO_COMMON_BLOCKS = YES;
				GCC_OPTIMIZATION_LEVEL = 0;
				GCC_PREPROCESSOR_DEFINITIONS = (
					"DEBUG=1",
					"$(inherited)",
				);
				GCC_WARN_64_TO_32_BIT_CONVERSION = YES;
				GCC_WARN_ABOUT_RETURN_TYPE = YES_ERROR;
				GCC_WARN_UNDECLARED_SELECTOR = YES;
				GCC_WARN_UNINITIALIZED_AUTOS = YES_AGGRESSIVE;
				GCC_WARN_UNUSED_FUNCTION = YES;
				GCC_WARN_UNUSED_VARIABLE = YES;
				IPHONEOS_DEPLOYMENT_TARGET = 17.0;
				LOCALIZATION_PREFERS_STRING_CATALOGS = YES;
				MTL_ENABLE_DEBUG_INFO = INCLUDE_SOURCE;
				MTL_FAST_MATH = YES;
				ONLY_ACTIVE_ARCH = YES;
				SDKROOT = iphoneos;
				SWIFT_ACTIVE_COMPILATION_CONDITIONS = "DEBUG $(inherited)";
				SWIFT_OPTIMIZATION_LEVEL = "-Onone";
				VERSIONING_SYSTEM = "apple-generic";
				VERSION_INFO_PREFIX = "";
			};
			name = Debug;
		};
		9A4F4C412B46EC85008A4C27 /* Release */ = {
			isa = XCBuildConfiguration;
			buildSettings = {
				ALWAYS_SEARCH_USER_PATHS = NO;
				ASSETCATALOG_COMPILER_GENERATE_SWIFT_ASSET_SYMBOL_EXTENSIONS = YES;
				CLANG_ANALYZER_NONNULL = YES;
				CLANG_ANALYZER_NUMBER_OBJECT_CONVERSION = YES_AGGRESSIVE;
				CLANG_CXX_LANGUAGE_STANDARD = "gnu++20";
				CLANG_ENABLE_MODULES = YES;
				CLANG_ENABLE_OBJC_ARC = YES;
				CLANG_ENABLE_OBJC_WEAK = YES;
				CLANG_WARN_BLOCK_CAPTURE_AUTORELEASING = YES;
				CLANG_WARN_BOOL_CONVERSION = YES;
				CLANG_WARN_COMMA = YES;
				CLANG_WARN_CONSTANT_CONVERSION = YES;
				CLANG_WARN_DEPRECATED_OBJC_IMPLEMENTATIONS = YES;
				CLANG_WARN_DIRECT_OBJC_ISA_USAGE = YES_ERROR;
				CLANG_WARN_DOCUMENTATION_COMMENTS = YES;
				CLANG_WARN_EMPTY_BODY = YES;
				CLANG_WARN_ENUM_CONVERSION = YES;
				CLANG_WARN_INFINITE_RECURSION = YES;
				CLANG_WARN_INT_CONVERSION = YES;
				CLANG_WARN_NON_LITERAL_NULL_CONVERSION = YES;
				CLANG_WARN_OBJC_IMPLICIT_RETAIN_SELF = YES;
				CLANG_WARN_OBJC_LITERAL_CONVERSION = YES;
				CLANG_WARN_OBJC_ROOT_CLASS = YES_ERROR;
				CLANG_WARN_QUOTED_INCLUDE_IN_FRAMEWORK_HEADER = YES;
				CLANG_WARN_RANGE_LOOP_ANALYSIS = YES;
				CLANG_WARN_STRICT_PROTOTYPES = YES;
				CLANG_WARN_SUSPICIOUS_MOVE = YES;
				CLANG_WARN_UNGUARDED_AVAILABILITY = YES_AGGRESSIVE;
				CLANG_WARN_UNREACHABLE_CODE = YES;
				CLANG_WARN__DUPLICATE_METHOD_MATCH = YES;
				COPY_PHASE_STRIP = NO;
				CURRENT_PROJECT_VERSION = 1;
				DEBUG_INFORMATION_FORMAT = "dwarf-with-dsym";
				ENABLE_NS_ASSERTIONS = NO;
				ENABLE_STRICT_OBJC_MSGSEND = YES;
				ENABLE_USER_SCRIPT_SANDBOXING = YES;
				GCC_C_LANGUAGE_STANDARD = gnu17;
				GCC_NO_COMMON_BLOCKS = YES;
				GCC_WARN_64_TO_32_BIT_CONVERSION = YES;
				GCC_WARN_ABOUT_RETURN_TYPE = YES_ERROR;
				GCC_WARN_UNDECLARED_SELECTOR = YES;
				GCC_WARN_UNINITIALIZED_AUTOS = YES_AGGRESSIVE;
				GCC_WARN_UNUSED_FUNCTION = YES;
				GCC_WARN_UNUSED_VARIABLE = YES;
				IPHONEOS_DEPLOYMENT_TARGET = 17.0;
				LOCALIZATION_PREFERS_STRING_CATALOGS = YES;
				MTL_ENABLE_DEBUG_INFO = NO;
				MTL_FAST_MATH = YES;
				SDKROOT = iphoneos;
				SWIFT_COMPILATION_MODE = wholemodule;
				VALIDATE_PRODUCT = YES;
				VERSIONING_SYSTEM = "apple-generic";
				VERSION_INFO_PREFIX = "";
			};
			name = Release;
		};
		9A4F4C432B46EC85008A4C27 /* Debug */ = {
			isa = XCBuildConfiguration;
			buildSettings = {
				CLANG_ENABLE_MODULES = YES;
				CODE_SIGN_STYLE = Automatic;
				CURRENT_PROJECT_VERSION = 1;
				DEFINES_MODULE = YES;
				DYLIB_COMPATIBILITY_VERSION = 1;
				DYLIB_CURRENT_VERSION = 1;
				DYLIB_INSTALL_NAME_BASE = "@rpath";
				ENABLE_MODULE_VERIFIER = YES;
				GENERATE_INFOPLIST_FILE = YES;
				INFOPLIST_KEY_NSHumanReadableCopyright = "";
				INSTALL_PATH = "$(LOCAL_LIBRARY_DIR)/Frameworks";
				LD_RUNPATH_SEARCH_PATHS = (
					"$(inherited)",
					"@executable_path/Frameworks",
					"@loader_path/Frameworks",
				);
				MARKETING_VERSION = 1.0;
				MODULE_VERIFIER_SUPPORTED_LANGUAGES = "objective-c objective-c++";
				MODULE_VERIFIER_SUPPORTED_LANGUAGE_STANDARDS = "gnu17 gnu++20";
				PRODUCT_BUNDLE_IDENTIFIER = dev.waleedsaad.Domain;
				PRODUCT_NAME = "$(TARGET_NAME:c99extidentifier)";
				SKIP_INSTALL = YES;
				SWIFT_EMIT_LOC_STRINGS = YES;
				SWIFT_OPTIMIZATION_LEVEL = "-Onone";
				SWIFT_VERSION = 5.0;
				TARGETED_DEVICE_FAMILY = "1,2";
			};
			name = Debug;
		};
		9A4F4C442B46EC85008A4C27 /* Release */ = {
			isa = XCBuildConfiguration;
			buildSettings = {
				CLANG_ENABLE_MODULES = YES;
				CODE_SIGN_STYLE = Automatic;
				CURRENT_PROJECT_VERSION = 1;
				DEFINES_MODULE = YES;
				DYLIB_COMPATIBILITY_VERSION = 1;
				DYLIB_CURRENT_VERSION = 1;
				DYLIB_INSTALL_NAME_BASE = "@rpath";
				ENABLE_MODULE_VERIFIER = YES;
				GENERATE_INFOPLIST_FILE = YES;
				INFOPLIST_KEY_NSHumanReadableCopyright = "";
				INSTALL_PATH = "$(LOCAL_LIBRARY_DIR)/Frameworks";
				LD_RUNPATH_SEARCH_PATHS = (
					"$(inherited)",
					"@executable_path/Frameworks",
					"@loader_path/Frameworks",
				);
				MARKETING_VERSION = 1.0;
				MODULE_VERIFIER_SUPPORTED_LANGUAGES = "objective-c objective-c++";
				MODULE_VERIFIER_SUPPORTED_LANGUAGE_STANDARDS = "gnu17 gnu++20";
				PRODUCT_BUNDLE_IDENTIFIER = dev.waleedsaad.Domain;
				PRODUCT_NAME = "$(TARGET_NAME:c99extidentifier)";
				SKIP_INSTALL = YES;
				SWIFT_EMIT_LOC_STRINGS = YES;
				SWIFT_VERSION = 5.0;
				TARGETED_DEVICE_FAMILY = "1,2";
			};
			name = Release;
		};
		9A4F4C462B46EC85008A4C27 /* Debug */ = {
			isa = XCBuildConfiguration;
			buildSettings = {
				ALWAYS_EMBED_SWIFT_STANDARD_LIBRARIES = YES;
				CODE_SIGN_STYLE = Automatic;
				CURRENT_PROJECT_VERSION = 1;
				GENERATE_INFOPLIST_FILE = YES;
				MARKETING_VERSION = 1.0;
				PRODUCT_BUNDLE_IDENTIFIER = dev.waleedsaad.DomainTests;
				PRODUCT_NAME = "$(TARGET_NAME)";
				SWIFT_EMIT_LOC_STRINGS = NO;
				SWIFT_VERSION = 5.0;
				TARGETED_DEVICE_FAMILY = "1,2";
			};
			name = Debug;
		};
		9A4F4C472B46EC85008A4C27 /* Release */ = {
			isa = XCBuildConfiguration;
			buildSettings = {
				ALWAYS_EMBED_SWIFT_STANDARD_LIBRARIES = YES;
				CODE_SIGN_STYLE = Automatic;
				CURRENT_PROJECT_VERSION = 1;
				GENERATE_INFOPLIST_FILE = YES;
				MARKETING_VERSION = 1.0;
				PRODUCT_BUNDLE_IDENTIFIER = dev.waleedsaad.DomainTests;
				PRODUCT_NAME = "$(TARGET_NAME)";
				SWIFT_EMIT_LOC_STRINGS = NO;
				SWIFT_VERSION = 5.0;
				TARGETED_DEVICE_FAMILY = "1,2";
			};
			name = Release;
		};
/* End XCBuildConfiguration section */

/* Begin XCConfigurationList section */
		9A4F4C2A2B46EC84008A4C27 /* Build configuration list for PBXProject "Domain" */ = {
			isa = XCConfigurationList;
			buildConfigurations = (
				9A4F4C402B46EC85008A4C27 /* Debug */,
				9A4F4C412B46EC85008A4C27 /* Release */,
			);
			defaultConfigurationIsVisible = 0;
			defaultConfigurationName = Release;
		};
		9A4F4C422B46EC85008A4C27 /* Build configuration list for PBXNativeTarget "Domain" */ = {
			isa = XCConfigurationList;
			buildConfigurations = (
				9A4F4C432B46EC85008A4C27 /* Debug */,
				9A4F4C442B46EC85008A4C27 /* Release */,
			);
			defaultConfigurationIsVisible = 0;
			defaultConfigurationName = Release;
		};
		9A4F4C452B46EC85008A4C27 /* Build configuration list for PBXNativeTarget "DomainTests" */ = {
			isa = XCConfigurationList;
			buildConfigurations = (
				9A4F4C462B46EC85008A4C27 /* Debug */,
				9A4F4C472B46EC85008A4C27 /* Release */,
			);
			defaultConfigurationIsVisible = 0;
			defaultConfigurationName = Release;
		};
/* End XCConfigurationList section */
	};
	rootObject = 9A4F4C272B46EC84008A4C27 /* Project object */;
}
