// !$*UTF8*$!
{
	archiveVersion = 1;
	classes = {
	};
	objectVersion = 56;
	objects = {

/* Begin PBXBuildFile section */
		9A4F4BFB2B46EA88008A4C27 /* MoviesApp.swift in Sources */ = {isa = PBXBuildFile; fileRef = 9A4F4BFA2B46EA88008A4C27 /* MoviesApp.swift */; };
		9A4F4C012B46EA88008A4C27 /* Assets.xcassets in Resources */ = {isa = PBXBuildFile; fileRef = 9A4F4C002B46EA88008A4C27 /* Assets.xcassets */; };
		9A4F4C042B46EA88008A4C27 /* Preview Assets.xcassets in Resources */ = {isa = PBXBuildFile; fileRef = 9A4F4C032B46EA88008A4C27 /* Preview Assets.xcassets */; };
		9A4F4C0E2B46EA88008A4C27 /* MoviesTests.swift in Sources */ = {isa = PBXBuildFile; fileRef = 9A4F4C0D2B46EA88008A4C27 /* MoviesTests.swift */; };
		9A4F4C182B46EA88008A4C27 /* MoviesUITests.swift in Sources */ = {isa = PBXBuildFile; fileRef = 9A4F4C172B46EA88008A4C27 /* MoviesUITests.swift */; };
		9A4F4C1A2B46EA88008A4C27 /* MoviesUITestsLaunchTests.swift in Sources */ = {isa = PBXBuildFile; fileRef = 9A4F4C192B46EA88008A4C27 /* MoviesUITestsLaunchTests.swift */; };
		9AAE4DFB2B48F81B00294242 /* MovieGenresListItemView.swift in Sources */ = {isa = PBXBuildFile; fileRef = 9AAE4DFA2B48F81B00294242 /* MovieGenresListItemView.swift */; };
		9AAE4E012B49E4E600294242 /* MovieDetailsView.swift in Sources */ = {isa = PBXBuildFile; fileRef = 9AAE4E002B49E4E600294242 /* MovieDetailsView.swift */; };
		9AAE4E192B49F9C300294242 /* MovieDetailsViewModel.swift in Sources */ = {isa = PBXBuildFile; fileRef = 9AAE4E182B49F9C300294242 /* MovieDetailsViewModel.swift */; };
		9AAE4E1C2B49FC5E00294242 /* MovieDetails.swift in Sources */ = {isa = PBXBuildFile; fileRef = 9AAE4E1B2B49FC5E00294242 /* MovieDetails.swift */; };
		9AAE4E1E2B4A012400294242 /* MovieDetailsViewModelFactory.swift in Sources */ = {isa = PBXBuildFile; fileRef = 9AAE4E1D2B4A012400294242 /* MovieDetailsViewModelFactory.swift */; };
		9AAE4E202B4A474C00294242 /* MoviePosterView.swift in Sources */ = {isa = PBXBuildFile; fileRef = 9AAE4E1F2B4A474C00294242 /* MoviePosterView.swift */; };
		9AAE4E222B4AFD4400294242 /* MoviePropertiesView.swift in Sources */ = {isa = PBXBuildFile; fileRef = 9AAE4E212B4AFD4400294242 /* MoviePropertiesView.swift */; };
		9AAE4E242B4AFD5D00294242 /* MoviePropertyView.swift in Sources */ = {isa = PBXBuildFile; fileRef = 9AAE4E232B4AFD5D00294242 /* MoviePropertyView.swift */; };
		9AAE4E4D2B4BC81100294242 /* MoviesPagination.swift in Sources */ = {isa = PBXBuildFile; fileRef = 9AAE4E4C2B4BC81100294242 /* MoviesPagination.swift */; };
		9AAE4E4F2B4C484100294242 /* LocalDataContainer.swift in Sources */ = {isa = PBXBuildFile; fileRef = 9AAE4E4E2B4C484100294242 /* LocalDataContainer.swift */; };
		9AAE4E782B4C967300294242 /* SwiftDataRepository.framework in Frameworks */ = {isa = PBXBuildFile; fileRef = 9AAE4E772B4C967300294242 /* SwiftDataRepository.framework */; };
		9AAE4E792B4C967300294242 /* SwiftDataRepository.framework in Embed Frameworks */ = {isa = PBXBuildFile; fileRef = 9AAE4E772B4C967300294242 /* SwiftDataRepository.framework */; settings = {ATTRIBUTES = (CodeSignOnCopy, RemoveHeadersOnCopy, ); }; };
		9AFA3EC22B474F7F001546EB /* Domain.framework in Frameworks */ = {isa = PBXBuildFile; fileRef = 9AFA3EC12B474F7F001546EB /* Domain.framework */; };
		9AFA3EC32B474F7F001546EB /* Domain.framework in Embed Frameworks */ = {isa = PBXBuildFile; fileRef = 9AFA3EC12B474F7F001546EB /* Domain.framework */; settings = {ATTRIBUTES = (CodeSignOnCopy, RemoveHeadersOnCopy, ); }; };
		9AFA3EC62B474F84001546EB /* Repository.framework in Frameworks */ = {isa = PBXBuildFile; fileRef = 9AFA3EC52B474F84001546EB /* Repository.framework */; };
		9AFA3EC72B474F84001546EB /* Repository.framework in Embed Frameworks */ = {isa = PBXBuildFile; fileRef = 9AFA3EC52B474F84001546EB /* Repository.framework */; settings = {ATTRIBUTES = (CodeSignOnCopy, RemoveHeadersOnCopy, ); }; };
		9AFA3F0F2B47654C001546EB /* TrendingMoviesView.swift in Sources */ = {isa = PBXBuildFile; fileRef = 9AFA3F0E2B47654C001546EB /* TrendingMoviesView.swift */; };
		9AFA3F112B476586001546EB /* TrendingMoviesViewModel.swift in Sources */ = {isa = PBXBuildFile; fileRef = 9AFA3F102B476586001546EB /* TrendingMoviesViewModel.swift */; };
		9AFA3F132B4765A8001546EB /* Movie.swift in Sources */ = {isa = PBXBuildFile; fileRef = 9AFA3F122B4765A8001546EB /* Movie.swift */; };
		9AFA3F362B4877E5001546EB /* TrendingMoviesViewModelFactory.swift in Sources */ = {isa = PBXBuildFile; fileRef = 9AFA3F352B4877E5001546EB /* TrendingMoviesViewModelFactory.swift */; };
		9AFA3F382B488AAC001546EB /* RequestStatus.swift in Sources */ = {isa = PBXBuildFile; fileRef = 9AFA3F372B488AAC001546EB /* RequestStatus.swift */; };
		9AFA3F3A2B48C006001546EB /* TrendingMovieItemView.swift in Sources */ = {isa = PBXBuildFile; fileRef = 9AFA3F392B48C006001546EB /* TrendingMovieItemView.swift */; };
		9AFA3F3D2B48DA31001546EB /* CacheAsyncImage.swift in Sources */ = {isa = PBXBuildFile; fileRef = 9AFA3F3C2B48DA31001546EB /* CacheAsyncImage.swift */; };
		9AFA3F512B48E913001546EB /* Genre.swift in Sources */ = {isa = PBXBuildFile; fileRef = 9AFA3F502B48E913001546EB /* Genre.swift */; };
		9AFA3F532B48EDDD001546EB /* TrendingMoviesListView.swift in Sources */ = {isa = PBXBuildFile; fileRef = 9AFA3F522B48EDDD001546EB /* TrendingMoviesListView.swift */; };
		9AFA3F552B48F3D4001546EB /* MovieGenresListView.swift in Sources */ = {isa = PBXBuildFile; fileRef = 9AFA3F542B48F3D4001546EB /* MovieGenresListView.swift */; };
/* End PBXBuildFile section */

/* Begin PBXContainerItemProxy section */
		9A4F4C0A2B46EA88008A4C27 /* PBXContainerItemProxy */ = {
			isa = PBXContainerItemProxy;
			containerPortal = 9A4F4BEF2B46EA87008A4C27 /* Project object */;
			proxyType = 1;
			remoteGlobalIDString = 9A4F4BF62B46EA88008A4C27;
			remoteInfo = Movies;
		};
		9A4F4C142B46EA88008A4C27 /* PBXContainerItemProxy */ = {
			isa = PBXContainerItemProxy;
			containerPortal = 9A4F4BEF2B46EA87008A4C27 /* Project object */;
			proxyType = 1;
			remoteGlobalIDString = 9A4F4BF62B46EA88008A4C27;
			remoteInfo = Movies;
		};
/* End PBXContainerItemProxy section */

/* Begin PBXCopyFilesBuildPhase section */
		9AFA3EC42B474F7F001546EB /* Embed Frameworks */ = {
			isa = PBXCopyFilesBuildPhase;
			buildActionMask = 2147483647;
			dstPath = "";
			dstSubfolderSpec = 10;
			files = (
				9AAE4E792B4C967300294242 /* SwiftDataRepository.framework in Embed Frameworks */,
				9AFA3EC72B474F84001546EB /* Repository.framework in Embed Frameworks */,
				9AFA3EC32B474F7F001546EB /* Domain.framework in Embed Frameworks */,
			);
			name = "Embed Frameworks";
			runOnlyForDeploymentPostprocessing = 0;
		};
/* End PBXCopyFilesBuildPhase section */

/* Begin PBXFileReference section */
		9A4F4BF72B46EA88008A4C27 /* Movies.app */ = {isa = PBXFileReference; explicitFileType = wrapper.application; includeInIndex = 0; path = Movies.app; sourceTree = BUILT_PRODUCTS_DIR; };
		9A4F4BFA2B46EA88008A4C27 /* MoviesApp.swift */ = {isa = PBXFileReference; lastKnownFileType = sourcecode.swift; path = MoviesApp.swift; sourceTree = "<group>"; };
		9A4F4C002B46EA88008A4C27 /* Assets.xcassets */ = {isa = PBXFileReference; lastKnownFileType = folder.assetcatalog; path = Assets.xcassets; sourceTree = "<group>"; };
		9A4F4C032B46EA88008A4C27 /* Preview Assets.xcassets */ = {isa = PBXFileReference; lastKnownFileType = folder.assetcatalog; path = "Preview Assets.xcassets"; sourceTree = "<group>"; };
		9A4F4C092B46EA88008A4C27 /* MoviesTests.xctest */ = {isa = PBXFileReference; explicitFileType = wrapper.cfbundle; includeInIndex = 0; path = MoviesTests.xctest; sourceTree = BUILT_PRODUCTS_DIR; };
		9A4F4C0D2B46EA88008A4C27 /* MoviesTests.swift */ = {isa = PBXFileReference; lastKnownFileType = sourcecode.swift; path = MoviesTests.swift; sourceTree = "<group>"; };
		9A4F4C132B46EA88008A4C27 /* MoviesUITests.xctest */ = {isa = PBXFileReference; explicitFileType = wrapper.cfbundle; includeInIndex = 0; path = MoviesUITests.xctest; sourceTree = BUILT_PRODUCTS_DIR; };
		9A4F4C172B46EA88008A4C27 /* MoviesUITests.swift */ = {isa = PBXFileReference; lastKnownFileType = sourcecode.swift; path = MoviesUITests.swift; sourceTree = "<group>"; };
		9A4F4C192B46EA88008A4C27 /* MoviesUITestsLaunchTests.swift */ = {isa = PBXFileReference; lastKnownFileType = sourcecode.swift; path = MoviesUITestsLaunchTests.swift; sourceTree = "<group>"; };
		9AAE4DFA2B48F81B00294242 /* MovieGenresListItemView.swift */ = {isa = PBXFileReference; lastKnownFileType = sourcecode.swift; path = MovieGenresListItemView.swift; sourceTree = "<group>"; };
		9AAE4E002B49E4E600294242 /* MovieDetailsView.swift */ = {isa = PBXFileReference; lastKnownFileType = sourcecode.swift; path = MovieDetailsView.swift; sourceTree = "<group>"; };
		9AAE4E182B49F9C300294242 /* MovieDetailsViewModel.swift */ = {isa = PBXFileReference; lastKnownFileType = sourcecode.swift; path = MovieDetailsViewModel.swift; sourceTree = "<group>"; };
		9AAE4E1B2B49FC5E00294242 /* MovieDetails.swift */ = {isa = PBXFileReference; lastKnownFileType = sourcecode.swift; path = MovieDetails.swift; sourceTree = "<group>"; };
		9AAE4E1D2B4A012400294242 /* MovieDetailsViewModelFactory.swift */ = {isa = PBXFileReference; lastKnownFileType = sourcecode.swift; path = MovieDetailsViewModelFactory.swift; sourceTree = "<group>"; };
		9AAE4E1F2B4A474C00294242 /* MoviePosterView.swift */ = {isa = PBXFileReference; lastKnownFileType = sourcecode.swift; path = MoviePosterView.swift; sourceTree = "<group>"; };
		9AAE4E212B4AFD4400294242 /* MoviePropertiesView.swift */ = {isa = PBXFileReference; lastKnownFileType = sourcecode.swift; path = MoviePropertiesView.swift; sourceTree = "<group>"; };
		9AAE4E232B4AFD5D00294242 /* MoviePropertyView.swift */ = {isa = PBXFileReference; lastKnownFileType = sourcecode.swift; path = MoviePropertyView.swift; sourceTree = "<group>"; };
		9AAE4E4C2B4BC81100294242 /* MoviesPagination.swift */ = {isa = PBXFileReference; lastKnownFileType = sourcecode.swift; path = MoviesPagination.swift; sourceTree = "<group>"; };
		9AAE4E4E2B4C484100294242 /* LocalDataContainer.swift */ = {isa = PBXFileReference; lastKnownFileType = sourcecode.swift; path = LocalDataContainer.swift; sourceTree = "<group>"; };
		9AAE4E772B4C967300294242 /* SwiftDataRepository.framework */ = {isa = PBXFileReference; explicitFileType = wrapper.framework; path = SwiftDataRepository.framework; sourceTree = BUILT_PRODUCTS_DIR; };
		9AFA3EC12B474F7F001546EB /* Domain.framework */ = {isa = PBXFileReference; explicitFileType = wrapper.framework; path = Domain.framework; sourceTree = BUILT_PRODUCTS_DIR; };
		9AFA3EC52B474F84001546EB /* Repository.framework */ = {isa = PBXFileReference; explicitFileType = wrapper.framework; path = Repository.framework; sourceTree = BUILT_PRODUCTS_DIR; };
		9AFA3F0E2B47654C001546EB /* TrendingMoviesView.swift */ = {isa = PBXFileReference; lastKnownFileType = sourcecode.swift; path = TrendingMoviesView.swift; sourceTree = "<group>"; };
		9AFA3F102B476586001546EB /* TrendingMoviesViewModel.swift */ = {isa = PBXFileReference; lastKnownFileType = sourcecode.swift; path = TrendingMoviesViewModel.swift; sourceTree = "<group>"; };
		9AFA3F122B4765A8001546EB /* Movie.swift */ = {isa = PBXFileReference; lastKnownFileType = sourcecode.swift; path = Movie.swift; sourceTree = "<group>"; };
		9AFA3F292B479575001546EB /* Info.plist */ = {isa = PBXFileReference; lastKnownFileType = text.plist; path = Info.plist; sourceTree = "<group>"; };
		9AFA3F352B4877E5001546EB /* TrendingMoviesViewModelFactory.swift */ = {isa = PBXFileReference; lastKnownFileType = sourcecode.swift; path = TrendingMoviesViewModelFactory.swift; sourceTree = "<group>"; };
		9AFA3F372B488AAC001546EB /* RequestStatus.swift */ = {isa = PBXFileReference; lastKnownFileType = sourcecode.swift; path = RequestStatus.swift; sourceTree = "<group>"; };
		9AFA3F392B48C006001546EB /* TrendingMovieItemView.swift */ = {isa = PBXFileReference; lastKnownFileType = sourcecode.swift; path = TrendingMovieItemView.swift; sourceTree = "<group>"; };
		9AFA3F3C2B48DA31001546EB /* CacheAsyncImage.swift */ = {isa = PBXFileReference; lastKnownFileType = sourcecode.swift; path = CacheAsyncImage.swift; sourceTree = "<group>"; };
		9AFA3F502B48E913001546EB /* Genre.swift */ = {isa = PBXFileReference; lastKnownFileType = sourcecode.swift; path = Genre.swift; sourceTree = "<group>"; };
		9AFA3F522B48EDDD001546EB /* TrendingMoviesListView.swift */ = {isa = PBXFileReference; lastKnownFileType = sourcecode.swift; path = TrendingMoviesListView.swift; sourceTree = "<group>"; };
		9AFA3F542B48F3D4001546EB /* MovieGenresListView.swift */ = {isa = PBXFileReference; lastKnownFileType = sourcecode.swift; path = MovieGenresListView.swift; sourceTree = "<group>"; };
/* End PBXFileReference section */

/* Begin PBXFrameworksBuildPhase section */
		9A4F4BF42B46EA88008A4C27 /* Frameworks */ = {
			isa = PBXFrameworksBuildPhase;
			buildActionMask = 2147483647;
			files = (
				9AAE4E782B4C967300294242 /* SwiftDataRepository.framework in Frameworks */,
				9AFA3EC62B474F84001546EB /* Repository.framework in Frameworks */,
				9AFA3EC22B474F7F001546EB /* Domain.framework in Frameworks */,
			);
			runOnlyForDeploymentPostprocessing = 0;
		};
		9A4F4C062B46EA88008A4C27 /* Frameworks */ = {
			isa = PBXFrameworksBuildPhase;
			buildActionMask = 2147483647;
			files = (
			);
			runOnlyForDeploymentPostprocessing = 0;
		};
		9A4F4C102B46EA88008A4C27 /* Frameworks */ = {
			isa = PBXFrameworksBuildPhase;
			buildActionMask = 2147483647;
			files = (
			);
			runOnlyForDeploymentPostprocessing = 0;
		};
/* End PBXFrameworksBuildPhase section */

/* Begin PBXGroup section */
		9A4F4BEE2B46EA87008A4C27 = {
			isa = PBXGroup;
			children = (
				9A4F4BF92B46EA88008A4C27 /* Movies */,
				9A4F4C0C2B46EA88008A4C27 /* MoviesTests */,
				9A4F4C162B46EA88008A4C27 /* MoviesUITests */,
				9A4F4BF82B46EA88008A4C27 /* Products */,
				9AFA3EC02B474F7F001546EB /* Frameworks */,
			);
			sourceTree = "<group>";
		};
		9A4F4BF82B46EA88008A4C27 /* Products */ = {
			isa = PBXGroup;
			children = (
				9A4F4BF72B46EA88008A4C27 /* Movies.app */,
				9A4F4C092B46EA88008A4C27 /* MoviesTests.xctest */,
				9A4F4C132B46EA88008A4C27 /* MoviesUITests.xctest */,
			);
			name = Products;
			sourceTree = "<group>";
		};
		9A4F4BF92B46EA88008A4C27 /* Movies */ = {
			isa = PBXGroup;
			children = (
				9AFA3F292B479575001546EB /* Info.plist */,
				9A4F4BFA2B46EA88008A4C27 /* MoviesApp.swift */,
				9AAE4E4E2B4C484100294242 /* LocalDataContainer.swift */,
				9AFA3F092B4764D1001546EB /* Screens */,
				9AFA3F3B2B48DA1A001546EB /* Utilities */,
				9A4F4C002B46EA88008A4C27 /* Assets.xcassets */,
				9A4F4C022B46EA88008A4C27 /* Preview Content */,
			);
			path = Movies;
			sourceTree = "<group>";
		};
		9A4F4C022B46EA88008A4C27 /* Preview Content */ = {
			isa = PBXGroup;
			children = (
				9A4F4C032B46EA88008A4C27 /* Preview Assets.xcassets */,
			);
			path = "Preview Content";
			sourceTree = "<group>";
		};
		9A4F4C0C2B46EA88008A4C27 /* MoviesTests */ = {
			isa = PBXGroup;
			children = (
				9A4F4C0D2B46EA88008A4C27 /* MoviesTests.swift */,
			);
			path = MoviesTests;
			sourceTree = "<group>";
		};
		9A4F4C162B46EA88008A4C27 /* MoviesUITests */ = {
			isa = PBXGroup;
			children = (
				9A4F4C172B46EA88008A4C27 /* MoviesUITests.swift */,
				9A4F4C192B46EA88008A4C27 /* MoviesUITestsLaunchTests.swift */,
			);
			path = MoviesUITests;
			sourceTree = "<group>";
		};
		9AAE4DF82B48F52200294242 /* TrendingMoviesListView */ = {
			isa = PBXGroup;
			children = (
				9AFA3F522B48EDDD001546EB /* TrendingMoviesListView.swift */,
				9AFA3F392B48C006001546EB /* TrendingMovieItemView.swift */,
			);
			path = TrendingMoviesListView;
			sourceTree = "<group>";
		};
		9AAE4DF92B48F52B00294242 /* MovieGenresListView */ = {
			isa = PBXGroup;
			children = (
				9AFA3F542B48F3D4001546EB /* MovieGenresListView.swift */,
				9AAE4DFA2B48F81B00294242 /* MovieGenresListItemView.swift */,
			);
			path = MovieGenresListView;
			sourceTree = "<group>";
		};
		9AAE4DFF2B49E4D300294242 /* Movie Details */ = {
			isa = PBXGroup;
			children = (
				9AAE4E002B49E4E600294242 /* MovieDetailsView.swift */,
				9AAE4E212B4AFD4400294242 /* MoviePropertiesView.swift */,
				9AAE4E232B4AFD5D00294242 /* MoviePropertyView.swift */,
				9AAE4E1A2B49FC5300294242 /* Models */,
				9AAE4E172B49F9B400294242 /* View Models */,
			);
			path = "Movie Details";
			sourceTree = "<group>";
		};
		9AAE4E172B49F9B400294242 /* View Models */ = {
			isa = PBXGroup;
			children = (
				9AAE4E182B49F9C300294242 /* MovieDetailsViewModel.swift */,
				9AAE4E1D2B4A012400294242 /* MovieDetailsViewModelFactory.swift */,
			);
			path = "View Models";
			sourceTree = "<group>";
		};
		9AAE4E1A2B49FC5300294242 /* Models */ = {
			isa = PBXGroup;
			children = (
				9AAE4E1B2B49FC5E00294242 /* MovieDetails.swift */,
			);
			path = Models;
			sourceTree = "<group>";
		};
		9AFA3EC02B474F7F001546EB /* Frameworks */ = {
			isa = PBXGroup;
			children = (
				9AAE4E772B4C967300294242 /* SwiftDataRepository.framework */,
				9AFA3EC52B474F84001546EB /* Repository.framework */,
				9AFA3EC12B474F7F001546EB /* Domain.framework */,
			);
			name = Frameworks;
			sourceTree = "<group>";
		};
		9AFA3F092B4764D1001546EB /* Screens */ = {
			isa = PBXGroup;
			children = (
				9AFA3F0A2B4764D5001546EB /* Trending Movies */,
				9AAE4DFF2B49E4D300294242 /* Movie Details */,
			);
			path = Screens;
			sourceTree = "<group>";
		};
		9AFA3F0A2B4764D5001546EB /* Trending Movies */ = {
			isa = PBXGroup;
			children = (
				9AFA3F0B2B476509001546EB /* Views */,
				9AFA3F0C2B47650D001546EB /* View Models */,
				9AFA3F0D2B476512001546EB /* Models */,
			);
			path = "Trending Movies";
			sourceTree = "<group>";
		};
		9AFA3F0B2B476509001546EB /* Views */ = {
			isa = PBXGroup;
			children = (
				9AFA3F0E2B47654C001546EB /* TrendingMoviesView.swift */,
				9AAE4DF82B48F52200294242 /* TrendingMoviesListView */,
				9AAE4DF92B48F52B00294242 /* MovieGenresListView */,
			);
			path = Views;
			sourceTree = "<group>";
		};
		9AFA3F0C2B47650D001546EB /* View Models */ = {
			isa = PBXGroup;
			children = (
				9AFA3F102B476586001546EB /* TrendingMoviesViewModel.swift */,
				9AFA3F352B4877E5001546EB /* TrendingMoviesViewModelFactory.swift */,
			);
			path = "View Models";
			sourceTree = "<group>";
		};
		9AFA3F0D2B476512001546EB /* Models */ = {
			isa = PBXGroup;
			children = (
				9AFA3F122B4765A8001546EB /* Movie.swift */,
				9AFA3F502B48E913001546EB /* Genre.swift */,
				9AFA3F372B488AAC001546EB /* RequestStatus.swift */,
				9AAE4E4C2B4BC81100294242 /* MoviesPagination.swift */,
			);
			path = Models;
			sourceTree = "<group>";
		};
		9AFA3F3B2B48DA1A001546EB /* Utilities */ = {
			isa = PBXGroup;
			children = (
				9AFA3F3C2B48DA31001546EB /* CacheAsyncImage.swift */,
				9AAE4E1F2B4A474C00294242 /* MoviePosterView.swift */,
			);
			path = Utilities;
			sourceTree = "<group>";
		};
/* End PBXGroup section */

/* Begin PBXNativeTarget section */
		9A4F4BF62B46EA88008A4C27 /* Movies */ = {
			isa = PBXNativeTarget;
			buildConfigurationList = 9A4F4C1D2B46EA88008A4C27 /* Build configuration list for PBXNativeTarget "Movies" */;
			buildPhases = (
				9A4F4BF32B46EA88008A4C27 /* Sources */,
				9A4F4BF42B46EA88008A4C27 /* Frameworks */,
				9A4F4BF52B46EA88008A4C27 /* Resources */,
				9AFA3EC42B474F7F001546EB /* Embed Frameworks */,
			);
			buildRules = (
			);
			dependencies = (
			);
			name = Movies;
			productName = Movies;
			productReference = 9A4F4BF72B46EA88008A4C27 /* Movies.app */;
			productType = "com.apple.product-type.application";
		};
		9A4F4C082B46EA88008A4C27 /* MoviesTests */ = {
			isa = PBXNativeTarget;
			buildConfigurationList = 9A4F4C202B46EA88008A4C27 /* Build configuration list for PBXNativeTarget "MoviesTests" */;
			buildPhases = (
				9A4F4C052B46EA88008A4C27 /* Sources */,
				9A4F4C062B46EA88008A4C27 /* Frameworks */,
				9A4F4C072B46EA88008A4C27 /* Resources */,
			);
			buildRules = (
			);
			dependencies = (
				9A4F4C0B2B46EA88008A4C27 /* PBXTargetDependency */,
			);
			name = MoviesTests;
			productName = MoviesTests;
			productReference = 9A4F4C092B46EA88008A4C27 /* MoviesTests.xctest */;
			productType = "com.apple.product-type.bundle.unit-test";
		};
		9A4F4C122B46EA88008A4C27 /* MoviesUITests */ = {
			isa = PBXNativeTarget;
			buildConfigurationList = 9A4F4C232B46EA88008A4C27 /* Build configuration list for PBXNativeTarget "MoviesUITests" */;
			buildPhases = (
				9A4F4C0F2B46EA88008A4C27 /* Sources */,
				9A4F4C102B46EA88008A4C27 /* Frameworks */,
				9A4F4C112B46EA88008A4C27 /* Resources */,
			);
			buildRules = (
			);
			dependencies = (
				9A4F4C152B46EA88008A4C27 /* PBXTargetDependency */,
			);
			name = MoviesUITests;
			productName = MoviesUITests;
			productReference = 9A4F4C132B46EA88008A4C27 /* MoviesUITests.xctest */;
			productType = "com.apple.product-type.bundle.ui-testing";
		};
/* End PBXNativeTarget section */

/* Begin PBXProject section */
		9A4F4BEF2B46EA87008A4C27 /* Project object */ = {
			isa = PBXProject;
			attributes = {
				BuildIndependentTargetsInParallel = 1;
				LastSwiftUpdateCheck = 1500;
				LastUpgradeCheck = 1500;
				TargetAttributes = {
					9A4F4BF62B46EA88008A4C27 = {
						CreatedOnToolsVersion = 15.0;
					};
					9A4F4C082B46EA88008A4C27 = {
						CreatedOnToolsVersion = 15.0;
						TestTargetID = 9A4F4BF62B46EA88008A4C27;
					};
					9A4F4C122B46EA88008A4C27 = {
						CreatedOnToolsVersion = 15.0;
						TestTargetID = 9A4F4BF62B46EA88008A4C27;
					};
				};
			};
			buildConfigurationList = 9A4F4BF22B46EA87008A4C27 /* Build configuration list for PBXProject "Movies" */;
			compatibilityVersion = "Xcode 14.0";
			developmentRegion = en;
			hasScannedForEncodings = 0;
			knownRegions = (
				en,
				Base,
			);
			mainGroup = 9A4F4BEE2B46EA87008A4C27;
			productRefGroup = 9A4F4BF82B46EA88008A4C27 /* Products */;
			projectDirPath = "";
			projectRoot = "";
			targets = (
				9A4F4BF62B46EA88008A4C27 /* Movies */,
				9A4F4C082B46EA88008A4C27 /* MoviesTests */,
				9A4F4C122B46EA88008A4C27 /* MoviesUITests */,
			);
		};
/* End PBXProject section */

/* Begin PBXResourcesBuildPhase section */
		9A4F4BF52B46EA88008A4C27 /* Resources */ = {
			isa = PBXResourcesBuildPhase;
			buildActionMask = 2147483647;
			files = (
				9A4F4C042B46EA88008A4C27 /* Preview Assets.xcassets in Resources */,
				9A4F4C012B46EA88008A4C27 /* Assets.xcassets in Resources */,
			);
			runOnlyForDeploymentPostprocessing = 0;
		};
		9A4F4C072B46EA88008A4C27 /* Resources */ = {
			isa = PBXResourcesBuildPhase;
			buildActionMask = 2147483647;
			files = (
			);
			runOnlyForDeploymentPostprocessing = 0;
		};
		9A4F4C112B46EA88008A4C27 /* Resources */ = {
			isa = PBXResourcesBuildPhase;
			buildActionMask = 2147483647;
			files = (
			);
			runOnlyForDeploymentPostprocessing = 0;
		};
/* End PBXResourcesBuildPhase section */

/* Begin PBXSourcesBuildPhase section */
		9A4F4BF32B46EA88008A4C27 /* Sources */ = {
			isa = PBXSourcesBuildPhase;
			buildActionMask = 2147483647;
			files = (
				9AFA3F532B48EDDD001546EB /* TrendingMoviesListView.swift in Sources */,
				9AAE4E1C2B49FC5E00294242 /* MovieDetails.swift in Sources */,
				9AFA3F3D2B48DA31001546EB /* CacheAsyncImage.swift in Sources */,
				9AFA3F0F2B47654C001546EB /* TrendingMoviesView.swift in Sources */,
				9AAE4DFB2B48F81B00294242 /* MovieGenresListItemView.swift in Sources */,
				9AAE4E242B4AFD5D00294242 /* MoviePropertyView.swift in Sources */,
				9AFA3F512B48E913001546EB /* Genre.swift in Sources */,
				9AAE4E4D2B4BC81100294242 /* MoviesPagination.swift in Sources */,
				9AFA3F132B4765A8001546EB /* Movie.swift in Sources */,
				9AFA3F3A2B48C006001546EB /* TrendingMovieItemView.swift in Sources */,
				9AAE4E1E2B4A012400294242 /* MovieDetailsViewModelFactory.swift in Sources */,
				9AAE4E192B49F9C300294242 /* MovieDetailsViewModel.swift in Sources */,
				9AAE4E4F2B4C484100294242 /* LocalDataContainer.swift in Sources */,
				9AFA3F382B488AAC001546EB /* RequestStatus.swift in Sources */,
				9AAE4E222B4AFD4400294242 /* MoviePropertiesView.swift in Sources */,
				9AAE4E012B49E4E600294242 /* MovieDetailsView.swift in Sources */,
				9AFA3F552B48F3D4001546EB /* MovieGenresListView.swift in Sources */,
				9AFA3F362B4877E5001546EB /* TrendingMoviesViewModelFactory.swift in Sources */,
				9A4F4BFB2B46EA88008A4C27 /* MoviesApp.swift in Sources */,
				9AAE4E202B4A474C00294242 /* MoviePosterView.swift in Sources */,
				9AFA3F112B476586001546EB /* TrendingMoviesViewModel.swift in Sources */,
			);
			runOnlyForDeploymentPostprocessing = 0;
		};
		9A4F4C052B46EA88008A4C27 /* Sources */ = {
			isa = PBXSourcesBuildPhase;
			buildActionMask = 2147483647;
			files = (
				9A4F4C0E2B46EA88008A4C27 /* MoviesTests.swift in Sources */,
			);
			runOnlyForDeploymentPostprocessing = 0;
		};
		9A4F4C0F2B46EA88008A4C27 /* Sources */ = {
			isa = PBXSourcesBuildPhase;
			buildActionMask = 2147483647;
			files = (
				9A4F4C182B46EA88008A4C27 /* MoviesUITests.swift in Sources */,
				9A4F4C1A2B46EA88008A4C27 /* MoviesUITestsLaunchTests.swift in Sources */,
			);
			runOnlyForDeploymentPostprocessing = 0;
		};
/* End PBXSourcesBuildPhase section */

/* Begin PBXTargetDependency section */
		9A4F4C0B2B46EA88008A4C27 /* PBXTargetDependency */ = {
			isa = PBXTargetDependency;
			target = 9A4F4BF62B46EA88008A4C27 /* Movies */;
			targetProxy = 9A4F4C0A2B46EA88008A4C27 /* PBXContainerItemProxy */;
		};
		9A4F4C152B46EA88008A4C27 /* PBXTargetDependency */ = {
			isa = PBXTargetDependency;
			target = 9A4F4BF62B46EA88008A4C27 /* Movies */;
			targetProxy = 9A4F4C142B46EA88008A4C27 /* PBXContainerItemProxy */;
		};
/* End PBXTargetDependency section */

/* Begin XCBuildConfiguration section */
		9A4F4C1B2B46EA88008A4C27 /* Debug */ = {
			isa = XCBuildConfiguration;
			buildSettings = {
				ALWAYS_SEARCH_USER_PATHS = NO;
				ASSETCATALOG_COMPILER_GENERATE_SWIFT_ASSET_SYMBOL_EXTENSIONS = YES;
				CLANG_ANALYZER_NONNULL = YES;
				CLANG_ANALYZER_NUMBER_OBJECT_CONVERSION = YES_AGGRESSIVE;
				CLANG_CXX_LANGUAGE_STANDARD = "gnu++20";
				CLANG_ENABLE_MODULES = YES;
				CLANG_ENABLE_OBJC_ARC = YES;
				CLANG_ENABLE_OBJC_WEAK = YES;
				CLANG_WARN_BLOCK_CAPTURE_AUTORELEASING = YES;
				CLANG_WARN_BOOL_CONVERSION = YES;
				CLANG_WARN_COMMA = YES;
				CLANG_WARN_CONSTANT_CONVERSION = YES;
				CLANG_WARN_DEPRECATED_OBJC_IMPLEMENTATIONS = YES;
				CLANG_WARN_DIRECT_OBJC_ISA_USAGE = YES_ERROR;
				CLANG_WARN_DOCUMENTATION_COMMENTS = YES;
				CLANG_WARN_EMPTY_BODY = YES;
				CLANG_WARN_ENUM_CONVERSION = YES;
				CLANG_WARN_INFINITE_RECURSION = YES;
				CLANG_WARN_INT_CONVERSION = YES;
				CLANG_WARN_NON_LITERAL_NULL_CONVERSION = YES;
				CLANG_WARN_OBJC_IMPLICIT_RETAIN_SELF = YES;
				CLANG_WARN_OBJC_LITERAL_CONVERSION = YES;
				CLANG_WARN_OBJC_ROOT_CLASS = YES_ERROR;
				CLANG_WARN_QUOTED_INCLUDE_IN_FRAMEWORK_HEADER = YES;
				CLANG_WARN_RANGE_LOOP_ANALYSIS = YES;
				CLANG_WARN_STRICT_PROTOTYPES = YES;
				CLANG_WARN_SUSPICIOUS_MOVE = YES;
				CLANG_WARN_UNGUARDED_AVAILABILITY = YES_AGGRESSIVE;
				CLANG_WARN_UNREACHABLE_CODE = YES;
				CLANG_WARN__DUPLICATE_METHOD_MATCH = YES;
				COPY_PHASE_STRIP = NO;
				DEBUG_INFORMATION_FORMAT = dwarf;
				ENABLE_STRICT_OBJC_MSGSEND = YES;
				ENABLE_TESTABILITY = YES;
				ENABLE_USER_SCRIPT_SANDBOXING = YES;
				GCC_C_LANGUAGE_STANDARD = gnu17;
				GCC_DYNAMIC_NO_PIC = NO;
				GCC_NO_COMMON_BLOCKS = YES;
				GCC_OPTIMIZATION_LEVEL = 0;
				GCC_PREPROCESSOR_DEFINITIONS = (
					"DEBUG=1",
					"$(inherited)",
				);
				GCC_WARN_64_TO_32_BIT_CONVERSION = YES;
				GCC_WARN_ABOUT_RETURN_TYPE = YES_ERROR;
				GCC_WARN_UNDECLARED_SELECTOR = YES;
				GCC_WARN_UNINITIALIZED_AUTOS = YES_AGGRESSIVE;
				GCC_WARN_UNUSED_FUNCTION = YES;
				GCC_WARN_UNUSED_VARIABLE = YES;
				IPHONEOS_DEPLOYMENT_TARGET = 17.0;
				LOCALIZATION_PREFERS_STRING_CATALOGS = YES;
				MTL_ENABLE_DEBUG_INFO = INCLUDE_SOURCE;
				MTL_FAST_MATH = YES;
				ONLY_ACTIVE_ARCH = YES;
				SDKROOT = iphoneos;
				SWIFT_ACTIVE_COMPILATION_CONDITIONS = "DEBUG $(inherited)";
				SWIFT_OPTIMIZATION_LEVEL = "-Onone";
			};
			name = Debug;
		};
		9A4F4C1C2B46EA88008A4C27 /* Release */ = {
			isa = XCBuildConfiguration;
			buildSettings = {
				ALWAYS_SEARCH_USER_PATHS = NO;
				ASSETCATALOG_COMPILER_GENERATE_SWIFT_ASSET_SYMBOL_EXTENSIONS = YES;
				CLANG_ANALYZER_NONNULL = YES;
				CLANG_ANALYZER_NUMBER_OBJECT_CONVERSION = YES_AGGRESSIVE;
				CLANG_CXX_LANGUAGE_STANDARD = "gnu++20";
				CLANG_ENABLE_MODULES = YES;
				CLANG_ENABLE_OBJC_ARC = YES;
				CLANG_ENABLE_OBJC_WEAK = YES;
				CLANG_WARN_BLOCK_CAPTURE_AUTORELEASING = YES;
				CLANG_WARN_BOOL_CONVERSION = YES;
				CLANG_WARN_COMMA = YES;
				CLANG_WARN_CONSTANT_CONVERSION = YES;
				CLANG_WARN_DEPRECATED_OBJC_IMPLEMENTATIONS = YES;
				CLANG_WARN_DIRECT_OBJC_ISA_USAGE = YES_ERROR;
				CLANG_WARN_DOCUMENTATION_COMMENTS = YES;
				CLANG_WARN_EMPTY_BODY = YES;
				CLANG_WARN_ENUM_CONVERSION = YES;
				CLANG_WARN_INFINITE_RECURSION = YES;
				CLANG_WARN_INT_CONVERSION = YES;
				CLANG_WARN_NON_LITERAL_NULL_CONVERSION = YES;
				CLANG_WARN_OBJC_IMPLICIT_RETAIN_SELF = YES;
				CLANG_WARN_OBJC_LITERAL_CONVERSION = YES;
				CLANG_WARN_OBJC_ROOT_CLASS = YES_ERROR;
				CLANG_WARN_QUOTED_INCLUDE_IN_FRAMEWORK_HEADER = YES;
				CLANG_WARN_RANGE_LOOP_ANALYSIS = YES;
				CLANG_WARN_STRICT_PROTOTYPES = YES;
				CLANG_WARN_SUSPICIOUS_MOVE = YES;
				CLANG_WARN_UNGUARDED_AVAILABILITY = YES_AGGRESSIVE;
				CLANG_WARN_UNREACHABLE_CODE = YES;
				CLANG_WARN__DUPLICATE_METHOD_MATCH = YES;
				COPY_PHASE_STRIP = NO;
				DEBUG_INFORMATION_FORMAT = "dwarf-with-dsym";
				ENABLE_NS_ASSERTIONS = NO;
				ENABLE_STRICT_OBJC_MSGSEND = YES;
				ENABLE_USER_SCRIPT_SANDBOXING = YES;
				GCC_C_LANGUAGE_STANDARD = gnu17;
				GCC_NO_COMMON_BLOCKS = YES;
				GCC_WARN_64_TO_32_BIT_CONVERSION = YES;
				GCC_WARN_ABOUT_RETURN_TYPE = YES_ERROR;
				GCC_WARN_UNDECLARED_SELECTOR = YES;
				GCC_WARN_UNINITIALIZED_AUTOS = YES_AGGRESSIVE;
				GCC_WARN_UNUSED_FUNCTION = YES;
				GCC_WARN_UNUSED_VARIABLE = YES;
				IPHONEOS_DEPLOYMENT_TARGET = 17.0;
				LOCALIZATION_PREFERS_STRING_CATALOGS = YES;
				MTL_ENABLE_DEBUG_INFO = NO;
				MTL_FAST_MATH = YES;
				SDKROOT = iphoneos;
				SWIFT_COMPILATION_MODE = wholemodule;
				VALIDATE_PRODUCT = YES;
			};
			name = Release;
		};
		9A4F4C1E2B46EA88008A4C27 /* Debug */ = {
			isa = XCBuildConfiguration;
			buildSettings = {
				ASSETCATALOG_COMPILER_APPICON_NAME = AppIcon;
				ASSETCATALOG_COMPILER_GLOBAL_ACCENT_COLOR_NAME = AccentColor;
				CODE_SIGN_STYLE = Automatic;
				CURRENT_PROJECT_VERSION = 1;
				DEVELOPMENT_ASSET_PATHS = "\"Movies/Preview Content\"";
				ENABLE_PREVIEWS = YES;
				GENERATE_INFOPLIST_FILE = YES;
				INFOPLIST_FILE = Movies/Info.plist;
				INFOPLIST_KEY_UIApplicationSceneManifest_Generation = YES;
				INFOPLIST_KEY_UIApplicationSupportsIndirectInputEvents = YES;
				INFOPLIST_KEY_UILaunchScreen_Generation = YES;
				INFOPLIST_KEY_UISupportedInterfaceOrientations_iPad = "UIInterfaceOrientationPortrait UIInterfaceOrientationPortraitUpsideDown UIInterfaceOrientationLandscapeLeft UIInterfaceOrientationLandscapeRight";
				INFOPLIST_KEY_UISupportedInterfaceOrientations_iPhone = "UIInterfaceOrientationPortrait UIInterfaceOrientationLandscapeLeft UIInterfaceOrientationLandscapeRight";
				LD_RUNPATH_SEARCH_PATHS = (
					"$(inherited)",
					"@executable_path/Frameworks",
				);
				MARKETING_VERSION = 1.0;
				PRODUCT_BUNDLE_IDENTIFIER = dev.waleedsaad.Movies;
				PRODUCT_NAME = "$(TARGET_NAME)";
				SWIFT_EMIT_LOC_STRINGS = YES;
				SWIFT_VERSION = 5.0;
				TARGETED_DEVICE_FAMILY = "1,2";
			};
			name = Debug;
		};
		9A4F4C1F2B46EA88008A4C27 /* Release */ = {
			isa = XCBuildConfiguration;
			buildSettings = {
				ASSETCATALOG_COMPILER_APPICON_NAME = AppIcon;
				ASSETCATALOG_COMPILER_GLOBAL_ACCENT_COLOR_NAME = AccentColor;
				CODE_SIGN_STYLE = Automatic;
				CURRENT_PROJECT_VERSION = 1;
				DEVELOPMENT_ASSET_PATHS = "\"Movies/Preview Content\"";
				ENABLE_PREVIEWS = YES;
				GENERATE_INFOPLIST_FILE = YES;
				INFOPLIST_FILE = Movies/Info.plist;
				INFOPLIST_KEY_UIApplicationSceneManifest_Generation = YES;
				INFOPLIST_KEY_UIApplicationSupportsIndirectInputEvents = YES;
				INFOPLIST_KEY_UILaunchScreen_Generation = YES;
				INFOPLIST_KEY_UISupportedInterfaceOrientations_iPad = "UIInterfaceOrientationPortrait UIInterfaceOrientationPortraitUpsideDown UIInterfaceOrientationLandscapeLeft UIInterfaceOrientationLandscapeRight";
				INFOPLIST_KEY_UISupportedInterfaceOrientations_iPhone = "UIInterfaceOrientationPortrait UIInterfaceOrientationLandscapeLeft UIInterfaceOrientationLandscapeRight";
				LD_RUNPATH_SEARCH_PATHS = (
					"$(inherited)",
					"@executable_path/Frameworks",
				);
				MARKETING_VERSION = 1.0;
				PRODUCT_BUNDLE_IDENTIFIER = dev.waleedsaad.Movies;
				PRODUCT_NAME = "$(TARGET_NAME)";
				SWIFT_EMIT_LOC_STRINGS = YES;
				SWIFT_VERSION = 5.0;
				TARGETED_DEVICE_FAMILY = "1,2";
			};
			name = Release;
		};
		9A4F4C212B46EA88008A4C27 /* Debug */ = {
			isa = XCBuildConfiguration;
			buildSettings = {
				ALWAYS_EMBED_SWIFT_STANDARD_LIBRARIES = YES;
				BUNDLE_LOADER = "$(TEST_HOST)";
				CODE_SIGN_STYLE = Automatic;
				CURRENT_PROJECT_VERSION = 1;
				GENERATE_INFOPLIST_FILE = YES;
				IPHONEOS_DEPLOYMENT_TARGET = 17.0;
				MARKETING_VERSION = 1.0;
				PRODUCT_BUNDLE_IDENTIFIER = dev.waleedsaad.MoviesTests;
				PRODUCT_NAME = "$(TARGET_NAME)";
				SWIFT_EMIT_LOC_STRINGS = NO;
				SWIFT_VERSION = 5.0;
				TARGETED_DEVICE_FAMILY = "1,2";
				TEST_HOST = "$(BUILT_PRODUCTS_DIR)/Movies.app/$(BUNDLE_EXECUTABLE_FOLDER_PATH)/Movies";
			};
			name = Debug;
		};
		9A4F4C222B46EA88008A4C27 /* Release */ = {
			isa = XCBuildConfiguration;
			buildSettings = {
				ALWAYS_EMBED_SWIFT_STANDARD_LIBRARIES = YES;
				BUNDLE_LOADER = "$(TEST_HOST)";
				CODE_SIGN_STYLE = Automatic;
				CURRENT_PROJECT_VERSION = 1;
				GENERATE_INFOPLIST_FILE = YES;
				IPHONEOS_DEPLOYMENT_TARGET = 17.0;
				MARKETING_VERSION = 1.0;
				PRODUCT_BUNDLE_IDENTIFIER = dev.waleedsaad.MoviesTests;
				PRODUCT_NAME = "$(TARGET_NAME)";
				SWIFT_EMIT_LOC_STRINGS = NO;
				SWIFT_VERSION = 5.0;
				TARGETED_DEVICE_FAMILY = "1,2";
				TEST_HOST = "$(BUILT_PRODUCTS_DIR)/Movies.app/$(BUNDLE_EXECUTABLE_FOLDER_PATH)/Movies";
			};
			name = Release;
		};
		9A4F4C242B46EA88008A4C27 /* Debug */ = {
			isa = XCBuildConfiguration;
			buildSettings = {
				ALWAYS_EMBED_SWIFT_STANDARD_LIBRARIES = YES;
				CODE_SIGN_STYLE = Automatic;
				CURRENT_PROJECT_VERSION = 1;
				GENERATE_INFOPLIST_FILE = YES;
				MARKETING_VERSION = 1.0;
				PRODUCT_BUNDLE_IDENTIFIER = dev.waleedsaad.MoviesUITests;
				PRODUCT_NAME = "$(TARGET_NAME)";
				SWIFT_EMIT_LOC_STRINGS = NO;
				SWIFT_VERSION = 5.0;
				TARGETED_DEVICE_FAMILY = "1,2";
				TEST_TARGET_NAME = Movies;
			};
			name = Debug;
		};
		9A4F4C252B46EA88008A4C27 /* Release */ = {
			isa = XCBuildConfiguration;
			buildSettings = {
				ALWAYS_EMBED_SWIFT_STANDARD_LIBRARIES = YES;
				CODE_SIGN_STYLE = Automatic;
				CURRENT_PROJECT_VERSION = 1;
				GENERATE_INFOPLIST_FILE = YES;
				MARKETING_VERSION = 1.0;
				PRODUCT_BUNDLE_IDENTIFIER = dev.waleedsaad.MoviesUITests;
				PRODUCT_NAME = "$(TARGET_NAME)";
				SWIFT_EMIT_LOC_STRINGS = NO;
				SWIFT_VERSION = 5.0;
				TARGETED_DEVICE_FAMILY = "1,2";
				TEST_TARGET_NAME = Movies;
			};
			name = Release;
		};
/* End XCBuildConfiguration section */

/* Begin XCConfigurationList section */
		9A4F4BF22B46EA87008A4C27 /* Build configuration list for PBXProject "Movies" */ = {
			isa = XCConfigurationList;
			buildConfigurations = (
				9A4F4C1B2B46EA88008A4C27 /* Debug */,
				9A4F4C1C2B46EA88008A4C27 /* Release */,
			);
			defaultConfigurationIsVisible = 0;
			defaultConfigurationName = Release;
		};
		9A4F4C1D2B46EA88008A4C27 /* Build configuration list for PBXNativeTarget "Movies" */ = {
			isa = XCConfigurationList;
			buildConfigurations = (
				9A4F4C1E2B46EA88008A4C27 /* Debug */,
				9A4F4C1F2B46EA88008A4C27 /* Release */,
			);
			defaultConfigurationIsVisible = 0;
			defaultConfigurationName = Release;
		};
		9A4F4C202B46EA88008A4C27 /* Build configuration list for PBXNativeTarget "MoviesTests" */ = {
			isa = XCConfigurationList;
			buildConfigurations = (
				9A4F4C212B46EA88008A4C27 /* Debug */,
				9A4F4C222B46EA88008A4C27 /* Release */,
			);
			defaultConfigurationIsVisible = 0;
			defaultConfigurationName = Release;
		};
		9A4F4C232B46EA88008A4C27 /* Build configuration list for PBXNativeTarget "MoviesUITests" */ = {
			isa = XCConfigurationList;
			buildConfigurations = (
				9A4F4C242B46EA88008A4C27 /* Debug */,
				9A4F4C252B46EA88008A4C27 /* Release */,
			);
			defaultConfigurationIsVisible = 0;
			defaultConfigurationName = Release;
		};
/* End XCConfigurationList section */
	};
	rootObject = 9A4F4BEF2B46EA87008A4C27 /* Project object */;
}
